
Microsoft Visual Studio Solution File, Format Version 12.00
# Visual Studio Version 16
VisualStudioVersion = 16.0.31702.278
MinimumVisualStudioVersion = 10.0.40219.1
Project("{FAE04EC0-301F-11D3-BF4B-00C04F79EFBC}") = "JYSYFinalProject", "JYSYFinalProject\JYSYFinalProject.csproj", "{B0704A7E-5E61-4EF6-837F-6BB0871F8AFC}"
EndProject
Global
	GlobalSection(SolutionConfigurationPlatforms) = preSolution
		Debug|Any CPU = Debug|Any CPU
		Release|Any CPU = Release|Any CPU
	EndGlobalSection
	GlobalSection(ProjectConfigurationPlatforms) = postSolution
		{B0704A7E-5E61-4EF6-837F-6BB0871F8AFC}.Debug|Any CPU.ActiveCfg = Debug|Any CPU
		{B0704A7E-5E61-4EF6-837F-6BB0871F8AFC}.Debug|Any CPU.Build.0 = Debug|Any CPU
		{B0704A7E-5E61-4EF6-837F-6BB0871F8AFC}.Release|Any CPU.ActiveCfg = Release|Any CPU
		{B0704A7E-5E61-4EF6-837F-6BB0871F8AFC}.Release|Any CPU.Build.0 = Release|Any CPU
	EndGlobalSection
	GlobalSection(SolutionProperties) = preSolution
		HideSolutionNode = FALSE
	EndGlobalSection
	GlobalSection(ExtensibilityGlobals) = postSolution
		SolutionGuid = {026DDAE7-A231-4322-AA59-9DB8DE7DF461}
	EndGlobalSection
EndGlobal
